
Microsoft Visual Studio Solution File, Format Version 11.00
# Visual Studio 2010
Project("{E24C65DC-7377-472B-9ABA-BC803B73C61A}") = "WebCatalog", "WebCatalog", "{E045B572-57A2-4273-8B68-E4DA0BD37BAE}"
	ProjectSection(WebsiteProperties) = preProject
		SccProjectName = "SAK"
		SccAuxPath = "SAK"
		SccLocalPath = "SAK"
		SccProvider = "SAK"
		TargetFrameworkMoniker = ".NETFramework,Version%3Dv4.0"
		ProjectReferences = "{800ABEF7-C1B7-471B-8652-DBFA673ADA7A}|WebLang.dll;{797C5A09-6D47-4FC4-A93B-34D480EB47A7}|DataAccess.Helper.dll;{E7CF5FD7-66B7-4630-A0C9-C11802011C23}|Business.Entities.dll;{D0C93B1B-B502-4554-8CA0-EE9452D86E51}|DataAccess.Logic.dll;{41A674FC-80A2-4362-A0E7-C229FD2A92D9}|Business.Workflows.dll;"
		Debug.AspNetCompiler.VirtualPath = "/WebCatalog"
		Debug.AspNetCompiler.PhysicalPath = "WebCatalog\"
		Debug.AspNetCompiler.TargetPath = "PrecompiledWeb\WebCatalog\"
		Debug.AspNetCompiler.Updateable = "true"
		Debug.AspNetCompiler.ForceOverwrite = "true"
		Debug.AspNetCompiler.FixedNames = "false"
		Debug.AspNetCompiler.Debug = "True"
		Release.AspNetCompiler.VirtualPath = "/WebCatalog"
		Release.AspNetCompiler.PhysicalPath = "WebCatalog\"
		Release.AspNetCompiler.TargetPath = "PrecompiledWeb\WebCatalog\"
		Release.AspNetCompiler.Updateable = "true"
		Release.AspNetCompiler.ForceOverwrite = "true"
		Release.AspNetCompiler.FixedNames = "false"
		Release.AspNetCompiler.Debug = "False"
		VWDPort = "53903"
		DefaultWebSiteLanguage = "Visual C#"
	EndProjectSection
	ProjectSection(ProjectDependencies) = postProject
		{FB3C3F55-708A-4DB0-A8EE-26B22C7A2ADD} = {FB3C3F55-708A-4DB0-A8EE-26B22C7A2ADD}
	EndProjectSection
EndProject
Project("{FAE04EC0-301F-11D3-BF4B-00C04F79EFBC}") = "DataAccess.Common", "..\Assemblies\DataAccess.Common\DataAccess.Common\DataAccess.Common.csproj", "{FB3C3F55-708A-4DB0-A8EE-26B22C7A2ADD}"
EndProject
Project("{FAE04EC0-301F-11D3-BF4B-00C04F79EFBC}") = "DataAccess.Helper", "..\Assemblies\DataAccess.Helper\DataAccess.Helper\DataAccess.Helper.csproj", "{797C5A09-6D47-4FC4-A93B-34D480EB47A7}"
EndProject
Project("{FAE04EC0-301F-11D3-BF4B-00C04F79EFBC}") = "WebLang", "..\Assemblies\WebLang\WebLang\WebLang\WebLang.csproj", "{800ABEF7-C1B7-471B-8652-DBFA673ADA7A}"
EndProject
Project("{FAE04EC0-301F-11D3-BF4B-00C04F79EFBC}") = "Business.Entities", "..\Assemblies\Business.Entities\Business.Entities.csproj", "{E7CF5FD7-66B7-4630-A0C9-C11802011C23}"
EndProject
Project("{FAE04EC0-301F-11D3-BF4B-00C04F79EFBC}") = "DataAccess.Logic", "..\Assemblies\DataAccess.Logic\DataAccess.Logic.csproj", "{D0C93B1B-B502-4554-8CA0-EE9452D86E51}"
EndProject
Project("{FAE04EC0-301F-11D3-BF4B-00C04F79EFBC}") = "Business.Workflows", "..\Assemblies\Business.Workflows\Business.Workflows.csproj", "{41A674FC-80A2-4362-A0E7-C229FD2A92D9}"
EndProject
Global
	GlobalSection(TeamFoundationVersionControl) = preSolution
		SccNumberOfProjects = 8
		SccEnterpriseProvider = {4CA58AB2-18FA-4F8D-95D4-32DDF27D184C}
		SccTeamFoundationServer = http://ntv-tfs2010:8080/tfs/defaultcollection
		SccLocalPath0 = .
		SccProjectUniqueName1 = ..\\Assemblies\\Business.Entities\\Business.Entities.csproj
		SccProjectName1 = ../Assemblies/Business.Entities
		SccLocalPath1 = ..\\Assemblies\\Business.Entities
		SccProjectUniqueName2 = ..\\Assemblies\\Business.Workflows\\Business.Workflows.csproj
		SccProjectName2 = ../Assemblies/Business.Workflows
		SccLocalPath2 = ..\\Assemblies\\Business.Workflows
		SccProjectUniqueName3 = ..\\Assemblies\\DataAccess.Common\\DataAccess.Common\\DataAccess.Common.csproj
		SccProjectName3 = ../Assemblies/DataAccess.Common/DataAccess.Common
		SccLocalPath3 = ..\\Assemblies\\DataAccess.Common\\DataAccess.Common
		SccProjectUniqueName4 = ..\\Assemblies\\DataAccess.Helper\\DataAccess.Helper\\DataAccess.Helper.csproj
		SccProjectName4 = ../Assemblies/DataAccess.Helper/DataAccess.Helper
		SccLocalPath4 = ..\\Assemblies\\DataAccess.Helper\\DataAccess.Helper
		SccProjectUniqueName5 = ..\\Assemblies\\DataAccess.Logic\\DataAccess.Logic.csproj
		SccProjectName5 = ../Assemblies/DataAccess.Logic
		SccLocalPath5 = ..\\Assemblies\\DataAccess.Logic
		SccProjectUniqueName6 = ..\\Assemblies\\WebLang\\WebLang\\WebLang\\WebLang.csproj
		SccProjectName6 = ../Assemblies/WebLang/WebLang/WebLang
		SccLocalPath6 = ..\\Assemblies\\WebLang\\WebLang\\WebLang
		SccWebProject7 = true
		SccProjectUniqueName7 = WebCatalog
		SccProjectName7 = WebCatalog
		SccLocalPath7 = WebCatalog
		SccProjectEnlistmentChoice7 = 2
	EndGlobalSection
	GlobalSection(SolutionConfigurationPlatforms) = preSolution
		Debug|Any CPU = Debug|Any CPU
		Release|Any CPU = Release|Any CPU
	EndGlobalSection
	GlobalSection(ProjectConfigurationPlatforms) = postSolution
		{E045B572-57A2-4273-8B68-E4DA0BD37BAE}.Debug|Any CPU.ActiveCfg = Debug|Any CPU
		{E045B572-57A2-4273-8B68-E4DA0BD37BAE}.Debug|Any CPU.Build.0 = Debug|Any CPU
		{E045B572-57A2-4273-8B68-E4DA0BD37BAE}.Release|Any CPU.ActiveCfg = Debug|Any CPU
		{E045B572-57A2-4273-8B68-E4DA0BD37BAE}.Release|Any CPU.Build.0 = Debug|Any CPU
		{FB3C3F55-708A-4DB0-A8EE-26B22C7A2ADD}.Debug|Any CPU.ActiveCfg = Debug|Any CPU
		{FB3C3F55-708A-4DB0-A8EE-26B22C7A2ADD}.Debug|Any CPU.Build.0 = Debug|Any CPU
		{FB3C3F55-708A-4DB0-A8EE-26B22C7A2ADD}.Release|Any CPU.ActiveCfg = Release|Any CPU
		{FB3C3F55-708A-4DB0-A8EE-26B22C7A2ADD}.Release|Any CPU.Build.0 = Release|Any CPU
		{797C5A09-6D47-4FC4-A93B-34D480EB47A7}.Debug|Any CPU.ActiveCfg = Debug|Any CPU
		{797C5A09-6D47-4FC4-A93B-34D480EB47A7}.Debug|Any CPU.Build.0 = Debug|Any CPU
		{797C5A09-6D47-4FC4-A93B-34D480EB47A7}.Release|Any CPU.ActiveCfg = Release|Any CPU
		{797C5A09-6D47-4FC4-A93B-34D480EB47A7}.Release|Any CPU.Build.0 = Release|Any CPU
		{800ABEF7-C1B7-471B-8652-DBFA673ADA7A}.Debug|Any CPU.ActiveCfg = Debug|Any CPU
		{800ABEF7-C1B7-471B-8652-DBFA673ADA7A}.Debug|Any CPU.Build.0 = Debug|Any CPU
		{800ABEF7-C1B7-471B-8652-DBFA673ADA7A}.Release|Any CPU.ActiveCfg = Release|Any CPU
		{800ABEF7-C1B7-471B-8652-DBFA673ADA7A}.Release|Any CPU.Build.0 = Release|Any CPU
		{E7CF5FD7-66B7-4630-A0C9-C11802011C23}.Debug|Any CPU.ActiveCfg = Debug|Any CPU
		{E7CF5FD7-66B7-4630-A0C9-C11802011C23}.Debug|Any CPU.Build.0 = Debug|Any CPU
		{E7CF5FD7-66B7-4630-A0C9-C11802011C23}.Release|Any CPU.ActiveCfg = Release|Any CPU
		{E7CF5FD7-66B7-4630-A0C9-C11802011C23}.Release|Any CPU.Build.0 = Release|Any CPU
		{D0C93B1B-B502-4554-8CA0-EE9452D86E51}.Debug|Any CPU.ActiveCfg = Debug|Any CPU
		{D0C93B1B-B502-4554-8CA0-EE9452D86E51}.Debug|Any CPU.Build.0 = Debug|Any CPU
		{D0C93B1B-B502-4554-8CA0-EE9452D86E51}.Release|Any CPU.ActiveCfg = Release|Any CPU
		{D0C93B1B-B502-4554-8CA0-EE9452D86E51}.Release|Any CPU.Build.0 = Release|Any CPU
		{41A674FC-80A2-4362-A0E7-C229FD2A92D9}.Debug|Any CPU.ActiveCfg = Debug|Any CPU
		{41A674FC-80A2-4362-A0E7-C229FD2A92D9}.Debug|Any CPU.Build.0 = Debug|Any CPU
		{41A674FC-80A2-4362-A0E7-C229FD2A92D9}.Release|Any CPU.ActiveCfg = Release|Any CPU
		{41A674FC-80A2-4362-A0E7-C229FD2A92D9}.Release|Any CPU.Build.0 = Release|Any CPU
	EndGlobalSection
	GlobalSection(SolutionProperties) = preSolution
		HideSolutionNode = FALSE
	EndGlobalSection
EndGlobal
